<?xml version="1.0" encoding="UTF-8" standalone="yes" ?>
<CodeBlocks_project_file>
	<FileVersion major="1" minor="6" />
	<Project>
		<Option title="TP1" />
		<Option pch_mode="2" />
		<Option compiler="gcc" />
		<Option virtualFolders="src/;test/;" />
		<Build>
			<Target title="Debug">
				<Option output="bin/Debug/TP1" prefix_auto="1" extension_auto="1" />
				<Option object_output="obj/Debug/" />
				<Option type="1" />
				<Option compiler="gcc" />
				<Compiler>
					<Add option="-g" />
				</Compiler>
			</Target>
			<Target title="Release">
				<Option output="bin/Release/TP1" prefix_auto="1" extension_auto="1" />
				<Option object_output="obj/Release/" />
				<Option type="1" />
				<Option compiler="gcc" />
				<Compiler>
					<Add option="-O2" />
				</Compiler>
				<Linker>
					<Add option="-s" />
				</Linker>
			</Target>
		</Build>
		<Compiler>
			<Add option="-Wall" />
		</Compiler>
		<Unit filename="CMakeLists.txt">
			<Option virtualFolder="test/" />
		</Unit>
		<Unit filename="src/BioConfig.h.in">
			<Option virtualFolder="src/" />
		</Unit>
		<Unit filename="src/CMakeLists.txt">
			<Option virtualFolder="src/" />
		</Unit>
		<Unit filename="src/arbolB.cpp">
			<Option virtualFolder="src/" />
		</Unit>
		<Unit filename="src/arbolB.h">
			<Option virtualFolder="src/" />
		</Unit>
		<Unit filename="src/bio.cpp">
			<Option virtualFolder="src/" />
		</Unit>
		<Unit filename="test/CMakeLists.txt" />
		<Unit filename="test/arbolBTest.cpp">
			<Option virtualFolder="test/" />
		</Unit>
		<Unit filename="test/gtest/CHANGES" />
		<Unit filename="test/gtest/CMakeLists.txt" />
		<Unit filename="test/gtest/CONTRIBUTORS" />
		<Unit filename="test/gtest/LICENSE" />
		<Unit filename="test/gtest/Makefile" />
		<Unit filename="test/gtest/Makefile.am" />
		<Unit filename="test/gtest/Makefile.in" />
		<Unit filename="test/gtest/aclocal.m4" />
		<Unit filename="test/gtest/build-aux/config.guess" />
		<Unit filename="test/gtest/build-aux/config.h" />
		<Unit filename="test/gtest/build-aux/config.h.in" />
		<Unit filename="test/gtest/build-aux/config.sub" />
		<Unit filename="test/gtest/build-aux/depcomp" />
		<Unit filename="test/gtest/build-aux/install-sh" />
		<Unit filename="test/gtest/build-aux/ltmain.sh" />
		<Unit filename="test/gtest/build-aux/missing" />
		<Unit filename="test/gtest/build-aux/stamp-h1" />
		<Unit filename="test/gtest/cmake/internal_utils.cmake" />
		<Unit filename="test/gtest/codegear/gtest.cbproj" />
		<Unit filename="test/gtest/codegear/gtest.groupproj" />
		<Unit filename="test/gtest/codegear/gtest_all.cc" />
		<Unit filename="test/gtest/codegear/gtest_link.cc" />
		<Unit filename="test/gtest/codegear/gtest_main.cbproj" />
		<Unit filename="test/gtest/codegear/gtest_unittest.cbproj" />
		<Unit filename="test/gtest/config.log" />
		<Unit filename="test/gtest/config.status" />
		<Unit filename="test/gtest/configure" />
		<Unit filename="test/gtest/configure.ac" />
		<Unit filename="test/gtest/fused-src/gtest/gtest-all.cc" />
		<Unit filename="test/gtest/fused-src/gtest/gtest.h" />
		<Unit filename="test/gtest/fused-src/gtest/gtest_main.cc" />
		<Unit filename="test/gtest/include/gtest/gtest-death-test.h" />
		<Unit filename="test/gtest/include/gtest/gtest-message.h" />
		<Unit filename="test/gtest/include/gtest/gtest-param-test.h" />
		<Unit filename="test/gtest/include/gtest/gtest-param-test.h.pump" />
		<Unit filename="test/gtest/include/gtest/gtest-printers.h" />
		<Unit filename="test/gtest/include/gtest/gtest-spi.h" />
		<Unit filename="test/gtest/include/gtest/gtest-test-part.h" />
		<Unit filename="test/gtest/include/gtest/gtest-typed-test.h" />
		<Unit filename="test/gtest/include/gtest/gtest.h" />
		<Unit filename="test/gtest/include/gtest/gtest_pred_impl.h" />
		<Unit filename="test/gtest/include/gtest/gtest_prod.h" />
		<Unit filename="test/gtest/include/gtest/internal/gtest-death-test-internal.h" />
		<Unit filename="test/gtest/include/gtest/internal/gtest-filepath.h" />
		<Unit filename="test/gtest/include/gtest/internal/gtest-internal.h" />
		<Unit filename="test/gtest/include/gtest/internal/gtest-linked_ptr.h" />
		<Unit filename="test/gtest/include/gtest/internal/gtest-param-util-generated.h" />
		<Unit filename="test/gtest/include/gtest/internal/gtest-param-util-generated.h.pump" />
		<Unit filename="test/gtest/include/gtest/internal/gtest-param-util.h" />
		<Unit filename="test/gtest/include/gtest/internal/gtest-port.h" />
		<Unit filename="test/gtest/include/gtest/internal/gtest-string.h" />
		<Unit filename="test/gtest/include/gtest/internal/gtest-tuple.h" />
		<Unit filename="test/gtest/include/gtest/internal/gtest-tuple.h.pump" />
		<Unit filename="test/gtest/include/gtest/internal/gtest-type-util.h" />
		<Unit filename="test/gtest/include/gtest/internal/gtest-type-util.h.pump" />
		<Unit filename="test/gtest/libtool" />
		<Unit filename="test/gtest/m4/acx_pthread.m4" />
		<Unit filename="test/gtest/m4/gtest.m4" />
		<Unit filename="test/gtest/m4/libtool.m4" />
		<Unit filename="test/gtest/m4/ltoptions.m4" />
		<Unit filename="test/gtest/m4/ltsugar.m4" />
		<Unit filename="test/gtest/m4/ltversion.m4" />
		<Unit filename="test/gtest/m4/lt~obsolete.m4" />
		<Unit filename="test/gtest/make/Makefile" />
		<Unit filename="test/gtest/msvc/gtest-md.sln" />
		<Unit filename="test/gtest/msvc/gtest-md.vcproj" />
		<Unit filename="test/gtest/msvc/gtest.sln" />
		<Unit filename="test/gtest/msvc/gtest.vcproj" />
		<Unit filename="test/gtest/msvc/gtest_main-md.vcproj" />
		<Unit filename="test/gtest/msvc/gtest_main.vcproj" />
		<Unit filename="test/gtest/msvc/gtest_prod_test-md.vcproj" />
		<Unit filename="test/gtest/msvc/gtest_prod_test.vcproj" />
		<Unit filename="test/gtest/msvc/gtest_unittest-md.vcproj" />
		<Unit filename="test/gtest/msvc/gtest_unittest.vcproj" />
		<Unit filename="test/gtest/samples/prime_tables.h" />
		<Unit filename="test/gtest/samples/sample1.cc" />
		<Unit filename="test/gtest/samples/sample1.h" />
		<Unit filename="test/gtest/samples/sample10_unittest.cc" />
		<Unit filename="test/gtest/samples/sample1_unittest.cc" />
		<Unit filename="test/gtest/samples/sample2.cc" />
		<Unit filename="test/gtest/samples/sample2.h" />
		<Unit filename="test/gtest/samples/sample2_unittest.cc" />
		<Unit filename="test/gtest/samples/sample3-inl.h" />
		<Unit filename="test/gtest/samples/sample3_unittest.cc" />
		<Unit filename="test/gtest/samples/sample4.cc" />
		<Unit filename="test/gtest/samples/sample4.h" />
		<Unit filename="test/gtest/samples/sample4_unittest.cc" />
		<Unit filename="test/gtest/samples/sample5_unittest.cc" />
		<Unit filename="test/gtest/samples/sample6_unittest.cc" />
		<Unit filename="test/gtest/samples/sample7_unittest.cc" />
		<Unit filename="test/gtest/samples/sample8_unittest.cc" />
		<Unit filename="test/gtest/samples/sample9_unittest.cc" />
		<Unit filename="test/gtest/scripts/fuse_gtest_files.py" />
		<Unit filename="test/gtest/scripts/gen_gtest_pred_impl.py" />
		<Unit filename="test/gtest/scripts/gtest-config" />
		<Unit filename="test/gtest/scripts/gtest-config.in" />
		<Unit filename="test/gtest/scripts/pump.py" />
		<Unit filename="test/gtest/scripts/test/Makefile" />
		<Unit filename="test/gtest/src/gtest-all.cc" />
		<Unit filename="test/gtest/src/gtest-death-test.cc" />
		<Unit filename="test/gtest/src/gtest-filepath.cc" />
		<Unit filename="test/gtest/src/gtest-internal-inl.h" />
		<Unit filename="test/gtest/src/gtest-port.cc" />
		<Unit filename="test/gtest/src/gtest-printers.cc" />
		<Unit filename="test/gtest/src/gtest-test-part.cc" />
		<Unit filename="test/gtest/src/gtest-typed-test.cc" />
		<Unit filename="test/gtest/src/gtest.cc" />
		<Unit filename="test/gtest/src/gtest_main.cc" />
		<Unit filename="test/gtest/test/gtest-death-test_ex_test.cc" />
		<Unit filename="test/gtest/test/gtest-death-test_test.cc" />
		<Unit filename="test/gtest/test/gtest-filepath_test.cc" />
		<Unit filename="test/gtest/test/gtest-linked_ptr_test.cc" />
		<Unit filename="test/gtest/test/gtest-listener_test.cc" />
		<Unit filename="test/gtest/test/gtest-message_test.cc" />
		<Unit filename="test/gtest/test/gtest-options_test.cc" />
		<Unit filename="test/gtest/test/gtest-param-test2_test.cc" />
		<Unit filename="test/gtest/test/gtest-param-test_test.cc" />
		<Unit filename="test/gtest/test/gtest-param-test_test.h" />
		<Unit filename="test/gtest/test/gtest-port_test.cc" />
		<Unit filename="test/gtest/test/gtest-printers_test.cc" />
		<Unit filename="test/gtest/test/gtest-test-part_test.cc" />
		<Unit filename="test/gtest/test/gtest-tuple_test.cc" />
		<Unit filename="test/gtest/test/gtest-typed-test2_test.cc" />
		<Unit filename="test/gtest/test/gtest-typed-test_test.cc" />
		<Unit filename="test/gtest/test/gtest-typed-test_test.h" />
		<Unit filename="test/gtest/test/gtest-unittest-api_test.cc" />
		<Unit filename="test/gtest/test/gtest_all_test.cc" />
		<Unit filename="test/gtest/test/gtest_break_on_failure_unittest.py" />
		<Unit filename="test/gtest/test/gtest_break_on_failure_unittest_.cc" />
		<Unit filename="test/gtest/test/gtest_catch_exceptions_test.py" />
		<Unit filename="test/gtest/test/gtest_catch_exceptions_test_.cc" />
		<Unit filename="test/gtest/test/gtest_color_test.py" />
		<Unit filename="test/gtest/test/gtest_color_test_.cc" />
		<Unit filename="test/gtest/test/gtest_env_var_test.py" />
		<Unit filename="test/gtest/test/gtest_env_var_test_.cc" />
		<Unit filename="test/gtest/test/gtest_environment_test.cc" />
		<Unit filename="test/gtest/test/gtest_filter_unittest.py" />
		<Unit filename="test/gtest/test/gtest_filter_unittest_.cc" />
		<Unit filename="test/gtest/test/gtest_help_test.py" />
		<Unit filename="test/gtest/test/gtest_help_test_.cc" />
		<Unit filename="test/gtest/test/gtest_list_tests_unittest.py" />
		<Unit filename="test/gtest/test/gtest_list_tests_unittest_.cc" />
		<Unit filename="test/gtest/test/gtest_main_unittest.cc" />
		<Unit filename="test/gtest/test/gtest_no_test_unittest.cc" />
		<Unit filename="test/gtest/test/gtest_output_test.py" />
		<Unit filename="test/gtest/test/gtest_output_test_.cc" />
		<Unit filename="test/gtest/test/gtest_output_test_golden_lin.txt" />
		<Unit filename="test/gtest/test/gtest_pred_impl_unittest.cc" />
		<Unit filename="test/gtest/test/gtest_premature_exit_test.cc" />
		<Unit filename="test/gtest/test/gtest_prod_test.cc" />
		<Unit filename="test/gtest/test/gtest_repeat_test.cc" />
		<Unit filename="test/gtest/test/gtest_shuffle_test.py" />
		<Unit filename="test/gtest/test/gtest_shuffle_test_.cc" />
		<Unit filename="test/gtest/test/gtest_sole_header_test.cc" />
		<Unit filename="test/gtest/test/gtest_stress_test.cc" />
		<Unit filename="test/gtest/test/gtest_test_utils.py" />
		<Unit filename="test/gtest/test/gtest_throw_on_failure_ex_test.cc" />
		<Unit filename="test/gtest/test/gtest_throw_on_failure_test.py" />
		<Unit filename="test/gtest/test/gtest_throw_on_failure_test_.cc" />
		<Unit filename="test/gtest/test/gtest_uninitialized_test.py" />
		<Unit filename="test/gtest/test/gtest_uninitialized_test_.cc" />
		<Unit filename="test/gtest/test/gtest_unittest.cc" />
		<Unit filename="test/gtest/test/gtest_xml_outfile1_test_.cc" />
		<Unit filename="test/gtest/test/gtest_xml_outfile2_test_.cc" />
		<Unit filename="test/gtest/test/gtest_xml_outfiles_test.py" />
		<Unit filename="test/gtest/test/gtest_xml_output_unittest.py" />
		<Unit filename="test/gtest/test/gtest_xml_output_unittest_.cc" />
		<Unit filename="test/gtest/test/gtest_xml_test_utils.py" />
		<Unit filename="test/gtest/test/production.cc" />
		<Unit filename="test/gtest/test/production.h" />
		<Unit filename="test/gtest/xcode/Config/DebugProject.xcconfig" />
		<Unit filename="test/gtest/xcode/Config/FrameworkTarget.xcconfig" />
		<Unit filename="test/gtest/xcode/Config/General.xcconfig" />
		<Unit filename="test/gtest/xcode/Config/ReleaseProject.xcconfig" />
		<Unit filename="test/gtest/xcode/Config/StaticLibraryTarget.xcconfig" />
		<Unit filename="test/gtest/xcode/Config/TestTarget.xcconfig" />
		<Unit filename="test/gtest/xcode/Resources/Info.plist" />
		<Unit filename="test/gtest/xcode/Samples/FrameworkSample/Info.plist" />
		<Unit filename="test/gtest/xcode/Samples/FrameworkSample/WidgetFramework.xcodeproj/project.pbxproj" />
		<Unit filename="test/gtest/xcode/Samples/FrameworkSample/runtests.sh" />
		<Unit filename="test/gtest/xcode/Samples/FrameworkSample/widget.cc" />
		<Unit filename="test/gtest/xcode/Samples/FrameworkSample/widget.h" />
		<Unit filename="test/gtest/xcode/Samples/FrameworkSample/widget_test.cc" />
		<Unit filename="test/gtest/xcode/Scripts/runtests.sh" />
		<Unit filename="test/gtest/xcode/Scripts/versiongenerate.py" />
		<Unit filename="test/gtest/xcode/gtest.xcodeproj/project.pbxproj" />
		<Extensions>
			<envvars />
			<code_completion />
			<lib_finder disable_auto="1" />
			<debugger />
		</Extensions>
	</Project>
</CodeBlocks_project_file>
